
Microsoft Visual Studio Solution File, Format Version 12.00
# Visual Studio Version 17
VisualStudioVersion = 17.8.34525.116
MinimumVisualStudioVersion = 10.0.40219.1
Project("{FAE04EC0-301F-11D3-BF4B-00C04F79EFBC}") = "NovaCart-Backend", "NovaCart-Backend\NovaCart-Backend.csproj", "{13AD6AA9-5D87-438B-AB4F-D0763A9C636E}"
EndProject
Global
	GlobalSection(SolutionConfigurationPlatforms) = preSolution
		Debug|Any CPU = Debug|Any CPU
		Release|Any CPU = Release|Any CPU
	EndGlobalSection
	GlobalSection(ProjectConfigurationPlatforms) = postSolution
		{13AD6AA9-5D87-438B-AB4F-D0763A9C636E}.Debug|Any CPU.ActiveCfg = Debug|Any CPU
		{13AD6AA9-5D87-438B-AB4F-D0763A9C636E}.Debug|Any CPU.Build.0 = Debug|Any CPU
		{13AD6AA9-5D87-438B-AB4F-D0763A9C636E}.Release|Any CPU.ActiveCfg = Release|Any CPU
		{13AD6AA9-5D87-438B-AB4F-D0763A9C636E}.Release|Any CPU.Build.0 = Release|Any CPU
	EndGlobalSection
	GlobalSection(SolutionProperties) = preSolution
		HideSolutionNode = FALSE
	EndGlobalSection
	GlobalSection(ExtensibilityGlobals) = postSolution
		SolutionGuid = {D2ACCD3F-29FE-4828-BC5A-76753C78AC36}
	EndGlobalSection
EndGlobal
